
Microsoft Visual Studio Solution File, Format Version 12.00
# Visual Studio Version 17
VisualStudioVersion = 17.4.33403.182
MinimumVisualStudioVersion = 10.0.40219.1
Project("{FAE04EC0-301F-11D3-BF4B-00C04F79EFBC}") = "basic_crud", "basic_crud\basic_crud.csproj", "{A9C2632F-DE02-4EF1-AE8A-2FA19BAA4CC2}"
EndProject
Global
	GlobalSection(SolutionConfigurationPlatforms) = preSolution
		Debug|Any CPU = Debug|Any CPU
		Release|Any CPU = Release|Any CPU
	EndGlobalSection
	GlobalSection(ProjectConfigurationPlatforms) = postSolution
		{A9C2632F-DE02-4EF1-AE8A-2FA19BAA4CC2}.Debug|Any CPU.ActiveCfg = Debug|Any CPU
		{A9C2632F-DE02-4EF1-AE8A-2FA19BAA4CC2}.Debug|Any CPU.Build.0 = Debug|Any CPU
		{A9C2632F-DE02-4EF1-AE8A-2FA19BAA4CC2}.Release|Any CPU.ActiveCfg = Release|Any CPU
		{A9C2632F-DE02-4EF1-AE8A-2FA19BAA4CC2}.Release|Any CPU.Build.0 = Release|Any CPU
	EndGlobalSection
	GlobalSection(SolutionProperties) = preSolution
		HideSolutionNode = FALSE
	EndGlobalSection
	GlobalSection(ExtensibilityGlobals) = postSolution
		SolutionGuid = {BAE67D1B-F35D-4589-9CCB-E2FE352E74B6}
	EndGlobalSection
EndGlobal
